
Microsoft Visual Studio Solution File, Format Version 11.00
# Visual Studio 2010
Project("{FAE04EC0-301F-11D3-BF4B-00C04F79EFBC}") = "Assembly-CSharp", "Assembly-CSharp.csproj", "{03D61DDC-AC01-485E-1865-14798FFF5BD5}"
EndProject
Project("{FAE04EC0-301F-11D3-BF4B-00C04F79EFBC}") = "Assembly-CSharp-firstpass", "Assembly-CSharp-firstpass.csproj", "{2E8F5FD0-10E9-7BB0-33F3-6A954CFC571E}"
EndProject
Project("{FAE04EC0-301F-11D3-BF4B-00C04F79EFBC}") = "Assembly-CSharp-Editor", "Assembly-CSharp-Editor.csproj", "{20DCAE85-2C8C-D9A3-1229-E91332098BFD}"
EndProject
Project("{FAE04EC0-301F-11D3-BF4B-00C04F79EFBC}") = "Assembly-CSharp-Editor-firstpass", "Assembly-CSharp-Editor-firstpass.csproj", "{C820E071-590F-02F3-1372-6A75F4CD31F3}"
EndProject
Global
	GlobalSection(SolutionConfigurationPlatforms) = preSolution
		Debug|Any CPU = Debug|Any CPU
		Release|Any CPU = Release|Any CPU
	EndGlobalSection
	GlobalSection(ProjectConfigurationPlatforms) = postSolution
		{03D61DDC-AC01-485E-1865-14798FFF5BD5}.Debug|Any CPU.ActiveCfg = Debug|Any CPU
		{03D61DDC-AC01-485E-1865-14798FFF5BD5}.Debug|Any CPU.Build.0 = Debug|Any CPU
		{03D61DDC-AC01-485E-1865-14798FFF5BD5}.Release|Any CPU.ActiveCfg = Release|Any CPU
		{03D61DDC-AC01-485E-1865-14798FFF5BD5}.Release|Any CPU.Build.0 = Release|Any CPU
		{2E8F5FD0-10E9-7BB0-33F3-6A954CFC571E}.Debug|Any CPU.ActiveCfg = Debug|Any CPU
		{2E8F5FD0-10E9-7BB0-33F3-6A954CFC571E}.Debug|Any CPU.Build.0 = Debug|Any CPU
		{2E8F5FD0-10E9-7BB0-33F3-6A954CFC571E}.Release|Any CPU.ActiveCfg = Release|Any CPU
		{2E8F5FD0-10E9-7BB0-33F3-6A954CFC571E}.Release|Any CPU.Build.0 = Release|Any CPU
		{20DCAE85-2C8C-D9A3-1229-E91332098BFD}.Debug|Any CPU.ActiveCfg = Debug|Any CPU
		{20DCAE85-2C8C-D9A3-1229-E91332098BFD}.Debug|Any CPU.Build.0 = Debug|Any CPU
		{20DCAE85-2C8C-D9A3-1229-E91332098BFD}.Release|Any CPU.ActiveCfg = Release|Any CPU
		{20DCAE85-2C8C-D9A3-1229-E91332098BFD}.Release|Any CPU.Build.0 = Release|Any CPU
		{C820E071-590F-02F3-1372-6A75F4CD31F3}.Debug|Any CPU.ActiveCfg = Debug|Any CPU
		{C820E071-590F-02F3-1372-6A75F4CD31F3}.Debug|Any CPU.Build.0 = Debug|Any CPU
		{C820E071-590F-02F3-1372-6A75F4CD31F3}.Release|Any CPU.ActiveCfg = Release|Any CPU
		{C820E071-590F-02F3-1372-6A75F4CD31F3}.Release|Any CPU.Build.0 = Release|Any CPU
	EndGlobalSection
	GlobalSection(SolutionProperties) = preSolution
		HideSolutionNode = FALSE
	EndGlobalSection
	GlobalSection(MonoDevelopProperties) = preSolution
		StartupItem = Assembly-CSharp.csproj
	EndGlobalSection
EndGlobal
